// !$*UTF8*$!
{
	archiveVersion = 1;
	classes = {
	};
	objectVersion = 50;
	objects = {

/* Begin PBXBuildFile section */
		6E1244AA22595898004ADF0C /* Snippet.swift in Sources */ = {isa = PBXBuildFile; fileRef = 6E1244A922595898004ADF0C /* Snippet.swift */; };
		6EE2BFB120B8D01E002BBC5D /* AppDelegate.swift in Sources */ = {isa = PBXBuildFile; fileRef = 6EE2BFB020B8D01E002BBC5D /* AppDelegate.swift */; };
		6EE2BFB320B8D01E002BBC5D /* ViewController.swift in Sources */ = {isa = PBXBuildFile; fileRef = 6EE2BFB220B8D01E002BBC5D /* ViewController.swift */; };
		6EE2BFB820B8D01F002BBC5D /* Assets.xcassets in Resources */ = {isa = PBXBuildFile; fileRef = 6EE2BFB720B8D01F002BBC5D /* Assets.xcassets */; };
		6EE2BFBB20B8D01F002BBC5D /* LaunchScreen.storyboard in Resources */ = {isa = PBXBuildFile; fileRef = 6EE2BFB920B8D01F002BBC5D /* LaunchScreen.storyboard */; };
		6EE91273226402670052F893 /* ButtonViewController.swift in Sources */ = {isa = PBXBuildFile; fileRef = 6EE91272226402670052F893 /* ButtonViewController.swift */; };
		85C6C09422524AD900AD4F9D /* UIViewExtension.swift in Sources */ = {isa = PBXBuildFile; fileRef = 85C6C09322524AD900AD4F9D /* UIViewExtension.swift */; };
		85C6C09622524B5C00AD4F9D /* NSLayoutConstraintExtension.swift in Sources */ = {isa = PBXBuildFile; fileRef = 85C6C09522524B5C00AD4F9D /* NSLayoutConstraintExtension.swift */; };
		85C6C09822524BC800AD4F9D /* UIViewControllerExtension.swift in Sources */ = {isa = PBXBuildFile; fileRef = 85C6C09722524BC800AD4F9D /* UIViewControllerExtension.swift */; };
/* End PBXBuildFile section */

/* Begin PBXFileReference section */
		6E1244A922595898004ADF0C /* Snippet.swift */ = {isa = PBXFileReference; lastKnownFileType = sourcecode.swift; path = Snippet.swift; sourceTree = "<group>"; };
		6EE2BFAD20B8D01E002BBC5D /* 1000 Snippets.app */ = {isa = PBXFileReference; explicitFileType = wrapper.application; includeInIndex = 0; path = "1000 Snippets.app"; sourceTree = BUILT_PRODUCTS_DIR; };
		6EE2BFB020B8D01E002BBC5D /* AppDelegate.swift */ = {isa = PBXFileReference; lastKnownFileType = sourcecode.swift; path = AppDelegate.swift; sourceTree = "<group>"; };
		6EE2BFB220B8D01E002BBC5D /* ViewController.swift */ = {isa = PBXFileReference; lastKnownFileType = sourcecode.swift; path = ViewController.swift; sourceTree = "<group>"; };
		6EE2BFB720B8D01F002BBC5D /* Assets.xcassets */ = {isa = PBXFileReference; lastKnownFileType = folder.assetcatalog; path = Assets.xcassets; sourceTree = "<group>"; };
		6EE2BFBA20B8D01F002BBC5D /* Base */ = {isa = PBXFileReference; lastKnownFileType = file.storyboard; name = Base; path = Base.lproj/LaunchScreen.storyboard; sourceTree = "<group>"; };
		6EE2BFBC20B8D01F002BBC5D /* Info.plist */ = {isa = PBXFileReference; lastKnownFileType = text.plist.xml; path = Info.plist; sourceTree = "<group>"; };
		6EE91272226402670052F893 /* ButtonViewController.swift */ = {isa = PBXFileReference; lastKnownFileType = sourcecode.swift; path = ButtonViewController.swift; sourceTree = "<group>"; };
		85C6C09322524AD900AD4F9D /* UIViewExtension.swift */ = {isa = PBXFileReference; lastKnownFileType = sourcecode.swift; path = UIViewExtension.swift; sourceTree = "<group>"; };
		85C6C09522524B5C00AD4F9D /* NSLayoutConstraintExtension.swift */ = {isa = PBXFileReference; lastKnownFileType = sourcecode.swift; path = NSLayoutConstraintExtension.swift; sourceTree = "<group>"; };
		85C6C09722524BC800AD4F9D /* UIViewControllerExtension.swift */ = {isa = PBXFileReference; lastKnownFileType = sourcecode.swift; path = UIViewControllerExtension.swift; sourceTree = "<group>"; };
/* End PBXFileReference section */

/* Begin PBXFrameworksBuildPhase section */
		6EE2BFAA20B8D01E002BBC5D /* Frameworks */ = {
			isa = PBXFrameworksBuildPhase;
			buildActionMask = 2147483647;
			files = (
			);
			runOnlyForDeploymentPostprocessing = 0;
		};
/* End PBXFrameworksBuildPhase section */

/* Begin PBXGroup section */
		6EE2BFA420B8D01E002BBC5D = {
			isa = PBXGroup;
			children = (
				6EE2BFAF20B8D01E002BBC5D /* 1000 Snippets */,
				6EE2BFAE20B8D01E002BBC5D /* Products */,
			);
			sourceTree = "<group>";
		};
		6EE2BFAE20B8D01E002BBC5D /* Products */ = {
			isa = PBXGroup;
			children = (
				6EE2BFAD20B8D01E002BBC5D /* 1000 Snippets.app */,
			);
			name = Products;
			sourceTree = "<group>";
		};
		6EE2BFAF20B8D01E002BBC5D /* 1000 Snippets */ = {
			isa = PBXGroup;
			children = (
				6EE2BFB020B8D01E002BBC5D /* AppDelegate.swift */,
				6EE2BFB220B8D01E002BBC5D /* ViewController.swift */,
				6EE91272226402670052F893 /* ButtonViewController.swift */,
				6E1244A922595898004ADF0C /* Snippet.swift */,
				6EE2BFB720B8D01F002BBC5D /* Assets.xcassets */,
				6EE2BFB920B8D01F002BBC5D /* LaunchScreen.storyboard */,
				6EE2BFBC20B8D01F002BBC5D /* Info.plist */,
				85C6C0922252489500AD4F9D /* Extensions */,
			);
			path = "1000 Snippets";
			sourceTree = "<group>";
		};
		85C6C0922252489500AD4F9D /* Extensions */ = {
			isa = PBXGroup;
			children = (
				85C6C09522524B5C00AD4F9D /* NSLayoutConstraintExtension.swift */,
				85C6C09322524AD900AD4F9D /* UIViewExtension.swift */,
				85C6C09722524BC800AD4F9D /* UIViewControllerExtension.swift */,
			);
			path = Extensions;
			sourceTree = "<group>";
		};
/* End PBXGroup section */

/* Begin PBXNativeTarget section */
		6EE2BFAC20B8D01E002BBC5D /* 1000 Snippets */ = {
			isa = PBXNativeTarget;
			buildConfigurationList = 6EE2BFBF20B8D01F002BBC5D /* Build configuration list for PBXNativeTarget "1000 Snippets" */;
			buildPhases = (
				6EE2BFA920B8D01E002BBC5D /* Sources */,
				6EE2BFAA20B8D01E002BBC5D /* Frameworks */,
				6EE2BFAB20B8D01E002BBC5D /* Resources */,
			);
			buildRules = (
			);
			dependencies = (
			);
			name = "1000 Snippets";
			productName = "1000 Snippets";
			productReference = 6EE2BFAD20B8D01E002BBC5D /* 1000 Snippets.app */;
			productType = "com.apple.product-type.application";
		};
/* End PBXNativeTarget section */

/* Begin PBXProject section */
		6EE2BFA520B8D01E002BBC5D /* Project object */ = {
			isa = PBXProject;
			attributes = {
				LastSwiftUpdateCheck = 0930;
				LastUpgradeCheck = 0930;
				ORGANIZATIONNAME = "Luciano Sclovsky";
				TargetAttributes = {
					6EE2BFAC20B8D01E002BBC5D = {
						CreatedOnToolsVersion = 9.3;
					};
				};
			};
			buildConfigurationList = 6EE2BFA820B8D01E002BBC5D /* Build configuration list for PBXProject "1000 Snippets" */;
			compatibilityVersion = "Xcode 9.3";
			developmentRegion = en;
			hasScannedForEncodings = 0;
			knownRegions = (
				en,
				Base,
			);
			mainGroup = 6EE2BFA420B8D01E002BBC5D;
			productRefGroup = 6EE2BFAE20B8D01E002BBC5D /* Products */;
			projectDirPath = "";
			projectRoot = "";
			targets = (
				6EE2BFAC20B8D01E002BBC5D /* 1000 Snippets */,
			);
		};
/* End PBXProject section */

/* Begin PBXResourcesBuildPhase section */
		6EE2BFAB20B8D01E002BBC5D /* Resources */ = {
			isa = PBXResourcesBuildPhase;
			buildActionMask = 2147483647;
			files = (
				6EE2BFBB20B8D01F002BBC5D /* LaunchScreen.storyboard in Resources */,
				6EE2BFB820B8D01F002BBC5D /* Assets.xcassets in Resources */,
			);
			runOnlyForDeploymentPostprocessing = 0;
		};
/* End PBXResourcesBuildPhase section */

/* Begin PBXSourcesBuildPhase section */
		6EE2BFA920B8D01E002BBC5D /* Sources */ = {
			isa = PBXSourcesBuildPhase;
			buildActionMask = 2147483647;
			files = (
				85C6C09422524AD900AD4F9D /* UIViewExtension.swift in Sources */,
				6EE91273226402670052F893 /* ButtonViewController.swift in Sources */,
				6E1244AA22595898004ADF0C /* Snippet.swift in Sources */,
				6EE2BFB320B8D01E002BBC5D /* ViewController.swift in Sources */,
				85C6C09822524BC800AD4F9D /* UIViewControllerExtension.swift in Sources */,
				6EE2BFB120B8D01E002BBC5D /* AppDelegate.swift in Sources */,
				85C6C09622524B5C00AD4F9D /* NSLayoutConstraintExtension.swift in Sources */,
			);
			runOnlyForDeploymentPostprocessing = 0;
		};
/* End PBXSourcesBuildPhase section */

/* Begin PBXVariantGroup section */
		6EE2BFB920B8D01F002BBC5D /* LaunchScreen.storyboard */ = {
			isa = PBXVariantGroup;
			children = (
				6EE2BFBA20B8D01F002BBC5D /* Base */,
			);
			name = LaunchScreen.storyboard;
			sourceTree = "<group>";
		};
/* End PBXVariantGroup section */

/* Begin XCBuildConfiguration section */
		6EE2BFBD20B8D01F002BBC5D /* Debug */ = {
			isa = XCBuildConfiguration;
			buildSettings = {
				ALWAYS_SEARCH_USER_PATHS = NO;
				CLANG_ANALYZER_NONNULL = YES;
				CLANG_ANALYZER_NUMBER_OBJECT_CONVERSION = YES_AGGRESSIVE;
				CLANG_CXX_LANGUAGE_STANDARD = "gnu++14";
				CLANG_CXX_LIBRARY = "libc++";
				CLANG_ENABLE_MODULES = YES;
				CLANG_ENABLE_OBJC_ARC = YES;
				CLANG_ENABLE_OBJC_WEAK = YES;
				CLANG_WARN_BLOCK_CAPTURE_AUTORELEASING = YES;
				CLANG_WARN_BOOL_CONVERSION = YES;
				CLANG_WARN_COMMA = YES;
				CLANG_WARN_CONSTANT_CONVERSION = YES;
				CLANG_WARN_DEPRECATED_OBJC_IMPLEMENTATIONS = YES;
				CLANG_WARN_DIRECT_OBJC_ISA_USAGE = YES_ERROR;
				CLANG_WARN_DOCUMENTATION_COMMENTS = YES;
				CLANG_WARN_EMPTY_BODY = YES;
				CLANG_WARN_ENUM_CONVERSION = YES;
				CLANG_WARN_INFINITE_RECURSION = YES;
				CLANG_WARN_INT_CONVERSION = YES;
				CLANG_WARN_NON_LITERAL_NULL_CONVERSION = YES;
				CLANG_WARN_OBJC_IMPLICIT_RETAIN_SELF = YES;
				CLANG_WARN_OBJC_LITERAL_CONVERSION = YES;
				CLANG_WARN_OBJC_ROOT_CLASS = YES_ERROR;
				CLANG_WARN_RANGE_LOOP_ANALYSIS = YES;
				CLANG_WARN_STRICT_PROTOTYPES = YES;
				CLANG_WARN_SUSPICIOUS_MOVE = YES;
				CLANG_WARN_UNGUARDED_AVAILABILITY = YES_AGGRESSIVE;
				CLANG_WARN_UNREACHABLE_CODE = YES;
				CLANG_WARN__DUPLICATE_METHOD_MATCH = YES;
				CODE_SIGN_IDENTITY = "iPhone Developer";
				COPY_PHASE_STRIP = NO;
				DEBUG_INFORMATION_FORMAT = dwarf;
				ENABLE_STRICT_OBJC_MSGSEND = YES;
				ENABLE_TESTABILITY = YES;
				GCC_C_LANGUAGE_STANDARD = gnu11;
				GCC_DYNAMIC_NO_PIC = NO;
				GCC_NO_COMMON_BLOCKS = YES;
				GCC_OPTIMIZATION_LEVEL = 0;
				GCC_PREPROCESSOR_DEFINITIONS = (
					"DEBUG=1",
					"$(inherited)",
				);
				GCC_WARN_64_TO_32_BIT_CONVERSION = YES;
				GCC_WARN_ABOUT_RETURN_TYPE = YES_ERROR;
				GCC_WARN_UNDECLARED_SELECTOR = YES;
				GCC_WARN_UNINITIALIZED_AUTOS = YES_AGGRESSIVE;
				GCC_WARN_UNUSED_FUNCTION = YES;
				GCC_WARN_UNUSED_VARIABLE = YES;
				IPHONEOS_DEPLOYMENT_TARGET = 11.3;
				MTL_ENABLE_DEBUG_INFO = YES;
				ONLY_ACTIVE_ARCH = YES;
				SDKROOT = iphoneos;
				SWIFT_ACTIVE_COMPILATION_CONDITIONS = DEBUG;
				SWIFT_OPTIMIZATION_LEVEL = "-Onone";
			};
			name = Debug;
		};
		6EE2BFBE20B8D01F002BBC5D /* Release */ = {
			isa = XCBuildConfiguration;
			buildSettings = {
				ALWAYS_SEARCH_USER_PATHS = NO;
				CLANG_ANALYZER_NONNULL = YES;
				CLANG_ANALYZER_NUMBER_OBJECT_CONVERSION = YES_AGGRESSIVE;
				CLANG_CXX_LANGUAGE_STANDARD = "gnu++14";
				CLANG_CXX_LIBRARY = "libc++";
				CLANG_ENABLE_MODULES = YES;
				CLANG_ENABLE_OBJC_ARC = YES;
				CLANG_ENABLE_OBJC_WEAK = YES;
				CLANG_WARN_BLOCK_CAPTURE_AUTORELEASING = YES;
				CLANG_WARN_BOOL_CONVERSION = YES;
				CLANG_WARN_COMMA = YES;
				CLANG_WARN_CONSTANT_CONVERSION = YES;
				CLANG_WARN_DEPRECATED_OBJC_IMPLEMENTATIONS = YES;
				CLANG_WARN_DIRECT_OBJC_ISA_USAGE = YES_ERROR;
				CLANG_WARN_DOCUMENTATION_COMMENTS = YES;
				CLANG_WARN_EMPTY_BODY = YES;
				CLANG_WARN_ENUM_CONVERSION = YES;
				CLANG_WARN_INFINITE_RECURSION = YES;
				CLANG_WARN_INT_CONVERSION = YES;
				CLANG_WARN_NON_LITERAL_NULL_CONVERSION = YES;
				CLANG_WARN_OBJC_IMPLICIT_RETAIN_SELF = YES;
				CLANG_WARN_OBJC_LITERAL_CONVERSION = YES;
				CLANG_WARN_OBJC_ROOT_CLASS = YES_ERROR;
				CLANG_WARN_RANGE_LOOP_ANALYSIS = YES;
				CLANG_WARN_STRICT_PROTOTYPES = YES;
				CLANG_WARN_SUSPICIOUS_MOVE = YES;
				CLANG_WARN_UNGUARDED_AVAILABILITY = YES_AGGRESSIVE;
				CLANG_WARN_UNREACHABLE_CODE = YES;
				CLANG_WARN__DUPLICATE_METHOD_MATCH = YES;
				CODE_SIGN_IDENTITY = "iPhone Developer";
				COPY_PHASE_STRIP = NO;
				DEBUG_INFORMATION_FORMAT = "dwarf-with-dsym";
				ENABLE_NS_ASSERTIONS = NO;
				ENABLE_STRICT_OBJC_MSGSEND = YES;
				GCC_C_LANGUAGE_STANDARD = gnu11;
				GCC_NO_COMMON_BLOCKS = YES;
				GCC_WARN_64_TO_32_BIT_CONVERSION = YES;
				GCC_WARN_ABOUT_RETURN_TYPE = YES_ERROR;
				GCC_WARN_UNDECLARED_SELECTOR = YES;
				GCC_WARN_UNINITIALIZED_AUTOS = YES_AGGRESSIVE;
				GCC_WARN_UNUSED_FUNCTION = YES;
				GCC_WARN_UNUSED_VARIABLE = YES;
				IPHONEOS_DEPLOYMENT_TARGET = 11.3;
				MTL_ENABLE_DEBUG_INFO = NO;
				SDKROOT = iphoneos;
				SWIFT_COMPILATION_MODE = wholemodule;
				SWIFT_OPTIMIZATION_LEVEL = "-O";
				VALIDATE_PRODUCT = YES;
			};
			name = Release;
		};
		6EE2BFC020B8D01F002BBC5D /* Debug */ = {
			isa = XCBuildConfiguration;
			buildSettings = {
				ASSETCATALOG_COMPILER_APPICON_NAME = AppIcon;
				CODE_SIGN_STYLE = Automatic;
				DEVELOPMENT_TEAM = SM8N4SFLYT;
				INFOPLIST_FILE = "1000 Snippets/Info.plist";
				LD_RUNPATH_SEARCH_PATHS = (
					"$(inherited)",
					"@executable_path/Frameworks",
				);
				PRODUCT_BUNDLE_IDENTIFIER = "lucianosky.-000-Snippets";
				PRODUCT_NAME = "$(TARGET_NAME)";
				SWIFT_VERSION = 4.0;
				TARGETED_DEVICE_FAMILY = "1,2";
			};
			name = Debug;
		};
		6EE2BFC120B8D01F002BBC5D /* Release */ = {
			isa = XCBuildConfiguration;
			buildSettings = {
				ASSETCATALOG_COMPILER_APPICON_NAME = AppIcon;
				CODE_SIGN_STYLE = Automatic;
				DEVELOPMENT_TEAM = SM8N4SFLYT;
				INFOPLIST_FILE = "1000 Snippets/Info.plist";
				LD_RUNPATH_SEARCH_PATHS = (
					"$(inherited)",
					"@executable_path/Frameworks",
				);
				PRODUCT_BUNDLE_IDENTIFIER = "lucianosky.-000-Snippets";
				PRODUCT_NAME = "$(TARGET_NAME)";
				SWIFT_VERSION = 4.0;
				TARGETED_DEVICE_FAMILY = "1,2";
			};
			name = Release;
		};
/* End XCBuildConfiguration section */

/* Begin XCConfigurationList section */
		6EE2BFA820B8D01E002BBC5D /* Build configuration list for PBXProject "1000 Snippets" */ = {
			isa = XCConfigurationList;
			buildConfigurations = (
				6EE2BFBD20B8D01F002BBC5D /* Debug */,
				6EE2BFBE20B8D01F002BBC5D /* Release */,
			);
			defaultConfigurationIsVisible = 0;
			defaultConfigurationName = Release;
		};
		6EE2BFBF20B8D01F002BBC5D /* Build configuration list for PBXNativeTarget "1000 Snippets" */ = {
			isa = XCConfigurationList;
			buildConfigurations = (
				6EE2BFC020B8D01F002BBC5D /* Debug */,
				6EE2BFC120B8D01F002BBC5D /* Release */,
			);
			defaultConfigurationIsVisible = 0;
			defaultConfigurationName = Release;
		};
/* End XCConfigurationList section */
	};
	rootObject = 6EE2BFA520B8D01E002BBC5D /* Project object */;
}
